{
  "version": "3",
  "packages": {
    "specifiers": {
      "jsr:@core/unknownutil@^3.18.0": "jsr:@core/unknownutil@3.18.0",
      "npm:@omnivore-app/api@^1.0.4": "npm:@omnivore-app/api@1.0.4",
      "npm:consola@^3.2.3": "npm:consola@3.2.3"
    },
    "jsr": {
      "@core/unknownutil@3.18.0": {
        "integrity": "bff7ab4a2f554bbade301127519523b0d3baa4273ecbed51287133ac00a48738"
      }
    },
    "npm": {
      "@0no-co/graphql.web@1.0.7_graphql@16.8.1": {
        "integrity": "sha512-E3Qku4mTzdrlwVWGPxklDnME5ANrEGetvYw4i2GCRlppWXXE4QD66j7pwb8HelZwS6LnqEChhrSOGCXpbiu6MQ==",
        "dependencies": {
          "graphql": "graphql@16.8.1"
        }
      },
      "@0no-co/graphqlsp@1.12.1_typescript@5.4.5_graphql@16.8.1": {
        "integrity": "sha512-KHMs1a9qXoiwA4aUKGgcsyM38SXH6ddQFwu4Hf2p8XjUOkRKHy38pd4qYM0hgA1vpkUf8WSj5GyDAbezhApfpw==",
        "dependencies": {
          "@gql.tada/internal": "@gql.tada/internal@0.3.3_graphql@16.8.1_typescript@5.4.5",
          "graphql": "graphql@16.8.1",
          "node-fetch": "node-fetch@2.7.0",
          "typescript": "typescript@5.4.5"
        }
      },
      "@ampproject/remapping@2.3.0": {
        "integrity": "sha512-30iZtAPgz+LTIYoeivqYo853f02jBYSd5uGnGpkFV0M3xOt9aN73erkgYAmZU43x4VfqcnLxW9Kpg3R5LC4YYw==",
        "dependencies": {
          "@jridgewell/gen-mapping": "@jridgewell/gen-mapping@0.3.5",
          "@jridgewell/trace-mapping": "@jridgewell/trace-mapping@0.3.25"
        }
      },
      "@babel/parser@7.24.5": {
        "integrity": "sha512-EOv5IK8arwh3LI47dz1b0tKUb/1uhHAnHJOrjgtQMIpu1uXd9mlFrJg9IUgGUgZ41Ch0K8REPTYpO7B76b4vJg==",
        "dependencies": {}
      },
      "@gql.tada/cli-utils@1.3.3_typescript@5.4.5_graphql@16.8.1": {
        "integrity": "sha512-XdKhu2xmnFmilOdt/XzF84ld15la9yOVfTn+F464ssXzRJH0FN8Qi+lRpxVogdMii4TYt59YmEh9jnl5z4GN/g==",
        "dependencies": {
          "@0no-co/graphqlsp": "@0no-co/graphqlsp@1.12.1_typescript@5.4.5_graphql@16.8.1",
          "@gql.tada/internal": "@gql.tada/internal@0.3.3_graphql@16.8.1_typescript@5.4.5",
          "@vue/compiler-dom": "@vue/compiler-dom@3.4.26",
          "@vue/language-core": "@vue/language-core@2.0.16_typescript@5.4.5",
          "graphql": "graphql@16.8.1",
          "svelte2tsx": "svelte2tsx@0.7.7_svelte@4.2.15_typescript@5.4.5",
          "typescript": "typescript@5.4.5"
        }
      },
      "@gql.tada/internal@0.3.3_graphql@16.8.1_typescript@5.4.5": {
        "integrity": "sha512-lBOiN0c/Fx5eY5KGwkzB5+6asUv9IAoD6f5rZjN8r9h4hvSk4V5Kuuu6EfKixF6h5/o/xDRgA/BU3355udnK3g==",
        "dependencies": {
          "@0no-co/graphql.web": "@0no-co/graphql.web@1.0.7_graphql@16.8.1",
          "graphql": "graphql@16.8.1",
          "typescript": "typescript@5.4.5"
        }
      },
      "@jridgewell/gen-mapping@0.3.5": {
        "integrity": "sha512-IzL8ZoEDIBRWEzlCcRhOaCupYyN5gdIK+Q6fbFdPDg6HqX6jpkItn7DFIpW9LQzXG6Df9sA7+OKnq0qlz/GaQg==",
        "dependencies": {
          "@jridgewell/set-array": "@jridgewell/set-array@1.2.1",
          "@jridgewell/sourcemap-codec": "@jridgewell/sourcemap-codec@1.4.15",
          "@jridgewell/trace-mapping": "@jridgewell/trace-mapping@0.3.25"
        }
      },
      "@jridgewell/resolve-uri@3.1.2": {
        "integrity": "sha512-bRISgCIjP20/tbWSPWMEi54QVPRZExkuD9lJL+UIxUKtwVJA8wW1Trb1jMs1RFXo1CBTNZ/5hpC9QvmKWdopKw==",
        "dependencies": {}
      },
      "@jridgewell/set-array@1.2.1": {
        "integrity": "sha512-R8gLRTZeyp03ymzP/6Lil/28tGeGEzhx1q2k703KGWRAI1VdvPIXdG70VJc2pAMw3NA6JKL5hhFu1sJX0Mnn/A==",
        "dependencies": {}
      },
      "@jridgewell/sourcemap-codec@1.4.15": {
        "integrity": "sha512-eF2rxCRulEKXHTRiDrDy6erMYWqNw4LPdQ8UQA4huuxaQsVeRPFl2oM8oDGxMFhJUWZf9McpLtJasDDZb/Bpeg==",
        "dependencies": {}
      },
      "@jridgewell/trace-mapping@0.3.25": {
        "integrity": "sha512-vNk6aEwybGtawWmy/PzwnGDOjCkLWSD2wqvjGGAgOAwCGWySYXfYoxt00IJkTF+8Lb57DwOb3Aa0o9CApepiYQ==",
        "dependencies": {
          "@jridgewell/resolve-uri": "@jridgewell/resolve-uri@3.1.2",
          "@jridgewell/sourcemap-codec": "@jridgewell/sourcemap-codec@1.4.15"
        }
      },
      "@omnivore-app/api@1.0.4": {
        "integrity": "sha512-M3a0we1WryUt7qaBV4fI0CmTJaC7eeJ8TAbF5hVTcrIeIJU9I1Lwfdq/coSx5SIHSf2jxOaCUqn1YRB314euRg==",
        "dependencies": {
          "@urql/core": "@urql/core@4.3.0",
          "gql.tada": "gql.tada@1.6.3_typescript@5.4.5"
        }
      },
      "@types/estree@1.0.5": {
        "integrity": "sha512-/kYRxGDLWzHOB7q+wtSUQlFrtcdUccpfy+X+9iMBpHK8QLLhx2wIPYuS5DYtR9Wa/YlZAbIovy7qVdB1Aq6Lyw==",
        "dependencies": {}
      },
      "@urql/core@4.3.0": {
        "integrity": "sha512-wT+FeL8DG4x5o6RfHEnONNFVDM3616ouzATMYUClB6CB+iIu2mwfBKd7xSUxYOZmwtxna5/hDRQdMl3nbQZlnw==",
        "dependencies": {
          "@0no-co/graphql.web": "@0no-co/graphql.web@1.0.7_graphql@16.8.1",
          "wonka": "wonka@6.3.4"
        }
      },
      "@volar/language-core@2.2.0": {
        "integrity": "sha512-a8WG9+4OdeNDW4ywABZIM6S6UN7em8uIlM/BZ2pWQUYrVmX+m8sj/X+QadvO+Li/t/LjAqbWJQtVgxdpEWLALQ==",
        "dependencies": {
          "@volar/source-map": "@volar/source-map@2.2.0"
        }
      },
      "@volar/source-map@2.2.0": {
        "integrity": "sha512-HQlPRlHOVqCCHK8wI76ZldHkEwKsjp7E6idUc36Ekni+KJDNrqgSqPvyHQixybXPHNU7CI9Uxd9/IkxO7LuNBw==",
        "dependencies": {
          "muggle-string": "muggle-string@0.4.1"
        }
      },
      "@vue/compiler-core@3.4.26": {
        "integrity": "sha512-N9Vil6Hvw7NaiyFUFBPXrAyETIGlQ8KcFMkyk6hW1Cl6NvoqvP+Y8p1Eqvx+UdqsnrnI9+HMUEJegzia3mhXmQ==",
        "dependencies": {
          "@babel/parser": "@babel/parser@7.24.5",
          "@vue/shared": "@vue/shared@3.4.26",
          "entities": "entities@4.5.0",
          "estree-walker": "estree-walker@2.0.2",
          "source-map-js": "source-map-js@1.2.0"
        }
      },
      "@vue/compiler-dom@3.4.26": {
        "integrity": "sha512-4CWbR5vR9fMg23YqFOhr6t6WB1Fjt62d6xdFPyj8pxrYub7d+OgZaObMsoxaF9yBUHPMiPFK303v61PwAuGvZA==",
        "dependencies": {
          "@vue/compiler-core": "@vue/compiler-core@3.4.26",
          "@vue/shared": "@vue/shared@3.4.26"
        }
      },
      "@vue/language-core@2.0.16_typescript@5.4.5": {
        "integrity": "sha512-Bc2sexRH99pznOph8mLw2BlRZ9edm7tW51kcBXgx8adAoOcZUWJj3UNSsdQ6H9Y8meGz7BoazVrVo/jUukIsPw==",
        "dependencies": {
          "@volar/language-core": "@volar/language-core@2.2.0",
          "@vue/compiler-dom": "@vue/compiler-dom@3.4.26",
          "@vue/shared": "@vue/shared@3.4.26",
          "computeds": "computeds@0.0.1",
          "minimatch": "minimatch@9.0.4",
          "path-browserify": "path-browserify@1.0.1",
          "typescript": "typescript@5.4.5",
          "vue-template-compiler": "vue-template-compiler@2.7.16"
        }
      },
      "@vue/shared@3.4.26": {
        "integrity": "sha512-Fg4zwR0GNnjzodMt3KRy2AWGMKQXByl56+4HjN87soxLNU9P5xcJkstAlIeEF3cU6UYOzmJl1tV0dVPGIljCnQ==",
        "dependencies": {}
      },
      "acorn@8.11.3": {
        "integrity": "sha512-Y9rRfJG5jcKOE0CLisYbojUjIrIEE7AGMzA/Sm4BslANhbS+cDMpgBdcPT91oJ7OuJ9hYJBx59RjbhxVnrF8Xg==",
        "dependencies": {}
      },
      "aria-query@5.3.0": {
        "integrity": "sha512-b0P0sZPKtyu8HkeRAfCq0IfURZK+SuwMjY1UXGBU27wpAiTwQAIlq56IbIO+ytk/JjS1fMR14ee5WBBfKi5J6A==",
        "dependencies": {
          "dequal": "dequal@2.0.3"
        }
      },
      "axobject-query@4.0.0": {
        "integrity": "sha512-+60uv1hiVFhHZeO+Lz0RYzsVHy5Wr1ayX0mwda9KPDVLNJgZ1T9Ny7VmFbLDzxsH0D87I86vgj3gFrjTJUYznw==",
        "dependencies": {
          "dequal": "dequal@2.0.3"
        }
      },
      "balanced-match@1.0.2": {
        "integrity": "sha512-3oSeUO0TMV67hN1AmbXsK4yaqU7tjiHlbxRDZOpH0KW9+CeX4bRAaX0Anxt0tx2MrpRpWwQaPwIlISEJhYU5Pw==",
        "dependencies": {}
      },
      "brace-expansion@2.0.1": {
        "integrity": "sha512-XnAIvQ8eM+kC6aULx6wuQiwVsnzsi9d3WxzV3FpWTGA19F621kwdbsAcFKXgKUHZWsy+mY6iL1sHTxWEFCytDA==",
        "dependencies": {
          "balanced-match": "balanced-match@1.0.2"
        }
      },
      "code-red@1.0.4": {
        "integrity": "sha512-7qJWqItLA8/VPVlKJlFXU+NBlo/qyfs39aJcuMT/2ere32ZqvF5OSxgdM5xOfJJ7O429gg2HM47y8v9P+9wrNw==",
        "dependencies": {
          "@jridgewell/sourcemap-codec": "@jridgewell/sourcemap-codec@1.4.15",
          "@types/estree": "@types/estree@1.0.5",
          "acorn": "acorn@8.11.3",
          "estree-walker": "estree-walker@3.0.3",
          "periscopic": "periscopic@3.1.0"
        }
      },
      "computeds@0.0.1": {
        "integrity": "sha512-7CEBgcMjVmitjYo5q8JTJVra6X5mQ20uTThdK+0kR7UEaDrAWEQcRiBtWJzga4eRpP6afNwwLsX2SET2JhVB1Q==",
        "dependencies": {}
      },
      "consola@3.2.3": {
        "integrity": "sha512-I5qxpzLv+sJhTVEoLYNcTW+bThDCPsit0vLNKShZx6rLtpilNpmmeTPaeqJb9ZE9dV3DGaeby6Vuhrw38WjeyQ==",
        "dependencies": {}
      },
      "css-tree@2.3.1": {
        "integrity": "sha512-6Fv1DV/TYw//QF5IzQdqsNDjx/wc8TrMBZsqjL9eW01tWb7R7k/mq+/VXfJCl7SoD5emsJop9cOByJZfs8hYIw==",
        "dependencies": {
          "mdn-data": "mdn-data@2.0.30",
          "source-map-js": "source-map-js@1.2.0"
        }
      },
      "de-indent@1.0.2": {
        "integrity": "sha512-e/1zu3xH5MQryN2zdVaF0OrdNLUbvWxzMbi+iNA6Bky7l1RoP8a2fIbRocyHclXt/arDrrR6lL3TqFD9pMQTsg==",
        "dependencies": {}
      },
      "dedent-js@1.0.1": {
        "integrity": "sha512-OUepMozQULMLUmhxS95Vudo0jb0UchLimi3+pQ2plj61Fcy8axbP9hbiD4Sz6DPqn6XG3kfmziVfQ1rSys5AJQ==",
        "dependencies": {}
      },
      "dequal@2.0.3": {
        "integrity": "sha512-0je+qPKHEMohvfRTCEo3CrPG6cAzAYgmzKyxRiYSSDkS6eGJdyVJm7WaYA5ECaAD9wLB2T4EEeymA5aFVcYXCA==",
        "dependencies": {}
      },
      "entities@4.5.0": {
        "integrity": "sha512-V0hjH4dGPh9Ao5p0MoRY6BVqtwCjhz6vI5LT8AJ55H+4g9/4vbHx1I54fS0XuclLhDHArPQCiMjDxjaL8fPxhw==",
        "dependencies": {}
      },
      "estree-walker@2.0.2": {
        "integrity": "sha512-Rfkk/Mp/DL7JVje3u18FxFujQlTNR2q6QfMSMB7AvCBx91NGj/ba3kCfza0f6dVDbw7YlRf/nDrn7pQrCCyQ/w==",
        "dependencies": {}
      },
      "estree-walker@3.0.3": {
        "integrity": "sha512-7RUKfXgSMMkzt6ZuXmqapOurLGPPfgj6l9uRZ7lRGolvk0y2yocc35LdcxKC5PQZdn2DMqioAQ2NoWcrTKmm6g==",
        "dependencies": {
          "@types/estree": "@types/estree@1.0.5"
        }
      },
      "gql.tada@1.6.3_typescript@5.4.5": {
        "integrity": "sha512-uIlVEv6z3kvnRb3hxUTu0gGOO7WxpWdm2H/tCm3SHxbznOGgw64x3gNo8ofaGgBN9OiX1KQ6IrYJmA+V8Gh7ig==",
        "dependencies": {
          "@0no-co/graphql.web": "@0no-co/graphql.web@1.0.7_graphql@16.8.1",
          "@gql.tada/cli-utils": "@gql.tada/cli-utils@1.3.3_typescript@5.4.5_graphql@16.8.1",
          "@gql.tada/internal": "@gql.tada/internal@0.3.3_graphql@16.8.1_typescript@5.4.5",
          "typescript": "typescript@5.4.5"
        }
      },
      "graphql@16.8.1": {
        "integrity": "sha512-59LZHPdGZVh695Ud9lRzPBVTtlX9ZCV150Er2W43ro37wVof0ctenSaskPPjN7lVTIN8mSZt8PHUNKZuNQUuxw==",
        "dependencies": {}
      },
      "he@1.2.0": {
        "integrity": "sha512-F/1DnUGPopORZi0ni+CvrCgHQ5FyEAHRLSApuYWMmrbSwoN2Mn/7k+Gl38gJnR7yyDZk6WLXwiGod1JOWNDKGw==",
        "dependencies": {}
      },
      "is-reference@3.0.2": {
        "integrity": "sha512-v3rht/LgVcsdZa3O2Nqs+NMowLOxeOm7Ay9+/ARQ2F+qEoANRcqrjAZKGN0v8ymUetZGgkp26LTnGT7H0Qo9Pg==",
        "dependencies": {
          "@types/estree": "@types/estree@1.0.5"
        }
      },
      "locate-character@3.0.0": {
        "integrity": "sha512-SW13ws7BjaeJ6p7Q6CO2nchbYEc3X3J6WrmTTDto7yMPqVSZTUyY5Tjbid+Ab8gLnATtygYtiDIJGQRRn2ZOiA==",
        "dependencies": {}
      },
      "lower-case@2.0.2": {
        "integrity": "sha512-7fm3l3NAF9WfN6W3JOmf5drwpVqX78JtoGJ3A6W0a6ZnldM41w2fV5D490psKFTpMds8TJse/eHLFFsNHHjHgg==",
        "dependencies": {
          "tslib": "tslib@2.6.2"
        }
      },
      "magic-string@0.30.10": {
        "integrity": "sha512-iIRwTIf0QKV3UAnYK4PU8uiEc4SRh5jX0mwpIwETPpHdhVM4f53RSwS/vXvN1JhGX+Cs7B8qIq3d6AH49O5fAQ==",
        "dependencies": {
          "@jridgewell/sourcemap-codec": "@jridgewell/sourcemap-codec@1.4.15"
        }
      },
      "mdn-data@2.0.30": {
        "integrity": "sha512-GaqWWShW4kv/G9IEucWScBx9G1/vsFZZJUO+tD26M8J8z3Kw5RDQjaoZe03YAClgeS/SWPOcb4nkFBTEi5DUEA==",
        "dependencies": {}
      },
      "minimatch@9.0.4": {
        "integrity": "sha512-KqWh+VchfxcMNRAJjj2tnsSJdNbHsVgnkBhTNrW7AjVo6OvLtxw8zfT9oLw1JSohlFzJ8jCoTgaoXvJ+kHt6fw==",
        "dependencies": {
          "brace-expansion": "brace-expansion@2.0.1"
        }
      },
      "muggle-string@0.4.1": {
        "integrity": "sha512-VNTrAak/KhO2i8dqqnqnAHOa3cYBwXEZe9h+D5h/1ZqFSTEFHdM65lR7RoIqq3tBBYavsOXV84NoHXZ0AkPyqQ==",
        "dependencies": {}
      },
      "no-case@3.0.4": {
        "integrity": "sha512-fgAN3jGAh+RoxUGZHTSOLJIqUc2wmoBwGR4tbpNAKmmovFoWq0OdRkb0VkldReO2a2iBT/OEulG9XSUc10r3zg==",
        "dependencies": {
          "lower-case": "lower-case@2.0.2",
          "tslib": "tslib@2.6.2"
        }
      },
      "node-fetch@2.7.0": {
        "integrity": "sha512-c4FRfUm/dbcWZ7U+1Wq0AwCyFL+3nt2bEw05wfxSz+DWpWsitgmSgYmy2dQdWyKC1694ELPqMs/YzUSNozLt8A==",
        "dependencies": {
          "whatwg-url": "whatwg-url@5.0.0"
        }
      },
      "pascal-case@3.1.2": {
        "integrity": "sha512-uWlGT3YSnK9x3BQJaOdcZwrnV6hPpd8jFH1/ucpiLRPh/2zCVJKS19E4GvYHvaCcACn3foXZ0cLB9Wrx1KGe5g==",
        "dependencies": {
          "no-case": "no-case@3.0.4",
          "tslib": "tslib@2.6.2"
        }
      },
      "path-browserify@1.0.1": {
        "integrity": "sha512-b7uo2UCUOYZcnF/3ID0lulOJi/bafxa1xPe7ZPsammBSpjSWQkjNxlt635YGS2MiR9GjvuXCtz2emr3jbsz98g==",
        "dependencies": {}
      },
      "periscopic@3.1.0": {
        "integrity": "sha512-vKiQ8RRtkl9P+r/+oefh25C3fhybptkHKCZSPlcXiJux2tJF55GnEj3BVn4A5gKfq9NWWXXrxkHBwVPUfH0opw==",
        "dependencies": {
          "@types/estree": "@types/estree@1.0.5",
          "estree-walker": "estree-walker@3.0.3",
          "is-reference": "is-reference@3.0.2"
        }
      },
      "source-map-js@1.2.0": {
        "integrity": "sha512-itJW8lvSA0TXEphiRoawsCksnlf8SyvmFzIhltqAHluXd88pkCd+cXJVHTDwdCr0IzwptSm035IHQktUu1QUMg==",
        "dependencies": {}
      },
      "svelte2tsx@0.7.7_svelte@4.2.15_typescript@5.4.5": {
        "integrity": "sha512-HAIxtk5TUHXvCRKApKfxoh1BGT85S/17lS3DvbfxRKFd+Ghr5YScqBvd+sU+p7vJFw48LNkzdFk+ooNVk3e4kA==",
        "dependencies": {
          "dedent-js": "dedent-js@1.0.1",
          "pascal-case": "pascal-case@3.1.2",
          "svelte": "svelte@4.2.15",
          "typescript": "typescript@5.4.5"
        }
      },
      "svelte@4.2.15": {
        "integrity": "sha512-j9KJSccHgLeRERPlhMKrCXpk2TqL2m5Z+k+OBTQhZOhIdCCd3WfqV+ylPWeipEwq17P/ekiSFWwrVQv93i3bsg==",
        "dependencies": {
          "@ampproject/remapping": "@ampproject/remapping@2.3.0",
          "@jridgewell/sourcemap-codec": "@jridgewell/sourcemap-codec@1.4.15",
          "@jridgewell/trace-mapping": "@jridgewell/trace-mapping@0.3.25",
          "@types/estree": "@types/estree@1.0.5",
          "acorn": "acorn@8.11.3",
          "aria-query": "aria-query@5.3.0",
          "axobject-query": "axobject-query@4.0.0",
          "code-red": "code-red@1.0.4",
          "css-tree": "css-tree@2.3.1",
          "estree-walker": "estree-walker@3.0.3",
          "is-reference": "is-reference@3.0.2",
          "locate-character": "locate-character@3.0.0",
          "magic-string": "magic-string@0.30.10",
          "periscopic": "periscopic@3.1.0"
        }
      },
      "tr46@0.0.3": {
        "integrity": "sha512-N3WMsuqV66lT30CrXNbEjx4GEwlow3v6rr4mCcv6prnfwhS01rkgyFdjPNBYd9br7LpXV1+Emh01fHnq2Gdgrw==",
        "dependencies": {}
      },
      "tslib@2.6.2": {
        "integrity": "sha512-AEYxH93jGFPn/a2iVAwW87VuUIkR1FVUKB77NwMF7nBTDkDrrT/Hpt/IrCJ0QXhW27jTBDcf5ZY7w6RiqTMw2Q==",
        "dependencies": {}
      },
      "typescript@5.4.5": {
        "integrity": "sha512-vcI4UpRgg81oIRUFwR0WSIHKt11nJ7SAVlYNIu+QpqeyXP+gpQJy/Z4+F0aGxSE4MqwjyXvW/TzgkLAx2AGHwQ==",
        "dependencies": {}
      },
      "vue-template-compiler@2.7.16": {
        "integrity": "sha512-AYbUWAJHLGGQM7+cNTELw+KsOG9nl2CnSv467WobS5Cv9uk3wFcnr1Etsz2sEIHEZvw1U+o9mRlEO6QbZvUPGQ==",
        "dependencies": {
          "de-indent": "de-indent@1.0.2",
          "he": "he@1.2.0"
        }
      },
      "webidl-conversions@3.0.1": {
        "integrity": "sha512-2JAn3z8AR6rjK8Sm8orRC0h/bcl/DqL7tRPdGZ4I1CjdF+EaMLmYxBHyXuKL849eucPFhvBoxMsflfOb8kxaeQ==",
        "dependencies": {}
      },
      "whatwg-url@5.0.0": {
        "integrity": "sha512-saE57nupxk6v3HY35+jzBwYa0rKSy0XR8JSxZPwgLr7ys0IBzhGviA1/TUGJLmSVqs8pb9AnvICXEuOHLprYTw==",
        "dependencies": {
          "tr46": "tr46@0.0.3",
          "webidl-conversions": "webidl-conversions@3.0.1"
        }
      },
      "wonka@6.3.4": {
        "integrity": "sha512-CjpbqNtBGNAeyNS/9W6q3kSkKE52+FjIj7AkFlLr11s/VWGUu6a2CdYSdGxocIhIVjaW/zchesBQUKPVU69Cqg==",
        "dependencies": {}
      }
    }
  },
  "remote": {},
  "workspace": {
    "dependencies": [
      "jsr:@core/unknownutil@^3.18.0",
      "npm:@omnivore-app/api@^1.0.4",
      "npm:consola@^3.2.3"
    ]
  }
}
